{
  "pins" : [
    {
      "identity" : "swiftsdl2",
      "kind" : "remoteSourceControl",
      "location" : "https://github.com/a-isaiahharvey/SwiftSDL2.git",
      "state" : {
        "branch" : "main",
        "revision" : "bd00deaaa6a8c75c6dbe2453e7fe94717a096453"
      }
    }
  ],
  "version" : 2
}
