{
  "pins" : [
    {
      "identity" : "swiftsdl2",
      "kind" : "remoteSourceControl",
      "location" : "https://github.com/a-isaiahharvey/SwiftSDL2.git",
      "state" : {
        "branch" : "main",
        "revision" : "608f62fbc33c9d855cad8251e7b2455d05f49b5d"
      }
    }
  ],
  "version" : 2
}
